
Microsoft Visual Studio Solution File, Format Version 12.00
# Visual Studio Version 17
VisualStudioVersion = 17.4.33205.214
MinimumVisualStudioVersion = 10.0.40219.1
Project("{FAE04EC0-301F-11D3-BF4B-00C04F79EFBC}") = "DnD_NoobCoders", "DnD_NoobCoders.csproj", "{BC1373CC-5ECF-4BFF-B3A9-8C870DB20FCC}"
EndProject
Global
	GlobalSection(SolutionConfigurationPlatforms) = preSolution
		Debug|Any CPU = Debug|Any CPU
		Release|Any CPU = Release|Any CPU
	EndGlobalSection
	GlobalSection(ProjectConfigurationPlatforms) = postSolution
		{BC1373CC-5ECF-4BFF-B3A9-8C870DB20FCC}.Debug|Any CPU.ActiveCfg = Debug|Any CPU
		{BC1373CC-5ECF-4BFF-B3A9-8C870DB20FCC}.Debug|Any CPU.Build.0 = Debug|Any CPU
		{BC1373CC-5ECF-4BFF-B3A9-8C870DB20FCC}.Release|Any CPU.ActiveCfg = Release|Any CPU
		{BC1373CC-5ECF-4BFF-B3A9-8C870DB20FCC}.Release|Any CPU.Build.0 = Release|Any CPU
	EndGlobalSection
	GlobalSection(SolutionProperties) = preSolution
		HideSolutionNode = FALSE
	EndGlobalSection
	GlobalSection(ExtensibilityGlobals) = postSolution
		SolutionGuid = {F2B062F6-71C7-4B37-8A4F-6322312A5BD7}
	EndGlobalSection
EndGlobal
